
Microsoft Visual Studio Solution File, Format Version 12.00
# Visual Studio Version 17
VisualStudioVersion = 17.3.32825.248
MinimumVisualStudioVersion = 10.0.40219.1
Project("{FAE04EC0-301F-11D3-BF4B-00C04F79EFBC}") = "ProblemasemPOO", "ProblemasemPOO\ProblemasemPOO.csproj", "{C3C4ADB4-EE84-4F41-9D97-7B3635280BEE}"
EndProject
Global
	GlobalSection(SolutionConfigurationPlatforms) = preSolution
		Debug|Any CPU = Debug|Any CPU
		Release|Any CPU = Release|Any CPU
	EndGlobalSection
	GlobalSection(ProjectConfigurationPlatforms) = postSolution
		{C3C4ADB4-EE84-4F41-9D97-7B3635280BEE}.Debug|Any CPU.ActiveCfg = Debug|Any CPU
		{C3C4ADB4-EE84-4F41-9D97-7B3635280BEE}.Debug|Any CPU.Build.0 = Debug|Any CPU
		{C3C4ADB4-EE84-4F41-9D97-7B3635280BEE}.Release|Any CPU.ActiveCfg = Release|Any CPU
		{C3C4ADB4-EE84-4F41-9D97-7B3635280BEE}.Release|Any CPU.Build.0 = Release|Any CPU
	EndGlobalSection
	GlobalSection(SolutionProperties) = preSolution
		HideSolutionNode = FALSE
	EndGlobalSection
	GlobalSection(ExtensibilityGlobals) = postSolution
		SolutionGuid = {5994EF03-F44F-45F2-8D41-DD63FDE90E67}
	EndGlobalSection
EndGlobal
