
Microsoft Visual Studio Solution File, Format Version 12.00
# Visual Studio Version 17
VisualStudioVersion = 17.3.32825.248
MinimumVisualStudioVersion = 10.0.40219.1
Project("{FAE04EC0-301F-11D3-BF4B-00C04F79EFBC}") = "Params", "Params\Params.csproj", "{004E4CE7-0E53-4176-AB33-8723C38AAFFD}"
EndProject
Global
	GlobalSection(SolutionConfigurationPlatforms) = preSolution
		Debug|Any CPU = Debug|Any CPU
		Release|Any CPU = Release|Any CPU
	EndGlobalSection
	GlobalSection(ProjectConfigurationPlatforms) = postSolution
		{004E4CE7-0E53-4176-AB33-8723C38AAFFD}.Debug|Any CPU.ActiveCfg = Debug|Any CPU
		{004E4CE7-0E53-4176-AB33-8723C38AAFFD}.Debug|Any CPU.Build.0 = Debug|Any CPU
		{004E4CE7-0E53-4176-AB33-8723C38AAFFD}.Release|Any CPU.ActiveCfg = Release|Any CPU
		{004E4CE7-0E53-4176-AB33-8723C38AAFFD}.Release|Any CPU.Build.0 = Release|Any CPU
	EndGlobalSection
	GlobalSection(SolutionProperties) = preSolution
		HideSolutionNode = FALSE
	EndGlobalSection
	GlobalSection(ExtensibilityGlobals) = postSolution
		SolutionGuid = {98BA102C-D4D7-4F67-B321-9B7DFAA45D4A}
	EndGlobalSection
EndGlobal
