
Microsoft Visual Studio Solution File, Format Version 12.00
# Visual Studio Version 17
VisualStudioVersion = 17.3.32825.248
MinimumVisualStudioVersion = 10.0.40219.1
Project("{FAE04EC0-301F-11D3-BF4B-00C04F79EFBC}") = "ConversaoImplicitaCasting", "ConversaoImplicitaCasting\ConversaoImplicitaCasting.csproj", "{6344F349-64AE-4368-8549-6AD6C7F88E1E}"
EndProject
Global
	GlobalSection(SolutionConfigurationPlatforms) = preSolution
		Debug|Any CPU = Debug|Any CPU
		Release|Any CPU = Release|Any CPU
	EndGlobalSection
	GlobalSection(ProjectConfigurationPlatforms) = postSolution
		{6344F349-64AE-4368-8549-6AD6C7F88E1E}.Debug|Any CPU.ActiveCfg = Debug|Any CPU
		{6344F349-64AE-4368-8549-6AD6C7F88E1E}.Debug|Any CPU.Build.0 = Debug|Any CPU
		{6344F349-64AE-4368-8549-6AD6C7F88E1E}.Release|Any CPU.ActiveCfg = Release|Any CPU
		{6344F349-64AE-4368-8549-6AD6C7F88E1E}.Release|Any CPU.Build.0 = Release|Any CPU
	EndGlobalSection
	GlobalSection(SolutionProperties) = preSolution
		HideSolutionNode = FALSE
	EndGlobalSection
	GlobalSection(ExtensibilityGlobals) = postSolution
		SolutionGuid = {7542D961-6094-481E-80D7-9370E1EBBCC8}
	EndGlobalSection
EndGlobal
