
Microsoft Visual Studio Solution File, Format Version 12.00
# Visual Studio Version 17
VisualStudioVersion = 17.3.32825.248
MinimumVisualStudioVersion = 10.0.40219.1
Project("{FAE04EC0-301F-11D3-BF4B-00C04F79EFBC}") = "SaidaDados", "SaidaDados\SaidaDados.csproj", "{3A89F556-F124-4DDD-8E16-E9E7FFB0E431}"
EndProject
Global
	GlobalSection(SolutionConfigurationPlatforms) = preSolution
		Debug|Any CPU = Debug|Any CPU
		Release|Any CPU = Release|Any CPU
	EndGlobalSection
	GlobalSection(ProjectConfigurationPlatforms) = postSolution
		{3A89F556-F124-4DDD-8E16-E9E7FFB0E431}.Debug|Any CPU.ActiveCfg = Debug|Any CPU
		{3A89F556-F124-4DDD-8E16-E9E7FFB0E431}.Debug|Any CPU.Build.0 = Debug|Any CPU
		{3A89F556-F124-4DDD-8E16-E9E7FFB0E431}.Release|Any CPU.ActiveCfg = Release|Any CPU
		{3A89F556-F124-4DDD-8E16-E9E7FFB0E431}.Release|Any CPU.Build.0 = Release|Any CPU
	EndGlobalSection
	GlobalSection(SolutionProperties) = preSolution
		HideSolutionNode = FALSE
	EndGlobalSection
	GlobalSection(ExtensibilityGlobals) = postSolution
		SolutionGuid = {2FB6739A-492E-4EA1-A406-054E13D740F4}
	EndGlobalSection
EndGlobal
