
Microsoft Visual Studio Solution File, Format Version 12.00
# Visual Studio Version 17
VisualStudioVersion = 17.3.32825.248
MinimumVisualStudioVersion = 10.0.40219.1
Project("{FAE04EC0-301F-11D3-BF4B-00C04F79EFBC}") = "List", "List\List.csproj", "{ABC3684A-0A00-4ED1-85F8-5B47C005D6A6}"
EndProject
Global
	GlobalSection(SolutionConfigurationPlatforms) = preSolution
		Debug|Any CPU = Debug|Any CPU
		Release|Any CPU = Release|Any CPU
	EndGlobalSection
	GlobalSection(ProjectConfigurationPlatforms) = postSolution
		{ABC3684A-0A00-4ED1-85F8-5B47C005D6A6}.Debug|Any CPU.ActiveCfg = Debug|Any CPU
		{ABC3684A-0A00-4ED1-85F8-5B47C005D6A6}.Debug|Any CPU.Build.0 = Debug|Any CPU
		{ABC3684A-0A00-4ED1-85F8-5B47C005D6A6}.Release|Any CPU.ActiveCfg = Release|Any CPU
		{ABC3684A-0A00-4ED1-85F8-5B47C005D6A6}.Release|Any CPU.Build.0 = Release|Any CPU
	EndGlobalSection
	GlobalSection(SolutionProperties) = preSolution
		HideSolutionNode = FALSE
	EndGlobalSection
	GlobalSection(ExtensibilityGlobals) = postSolution
		SolutionGuid = {63BD2153-D0D9-427A-839E-F5697F922C79}
	EndGlobalSection
EndGlobal
