
Microsoft Visual Studio Solution File, Format Version 12.00
# Visual Studio Version 17
VisualStudioVersion = 17.3.32825.248
MinimumVisualStudioVersion = 10.0.40219.1
Project("{FAE04EC0-301F-11D3-BF4B-00C04F79EFBC}") = "Matriz", "Matriz\Matriz.csproj", "{4A5DC9D0-A674-437E-8E21-87AB7170C8FD}"
EndProject
Global
	GlobalSection(SolutionConfigurationPlatforms) = preSolution
		Debug|Any CPU = Debug|Any CPU
		Release|Any CPU = Release|Any CPU
	EndGlobalSection
	GlobalSection(ProjectConfigurationPlatforms) = postSolution
		{4A5DC9D0-A674-437E-8E21-87AB7170C8FD}.Debug|Any CPU.ActiveCfg = Debug|Any CPU
		{4A5DC9D0-A674-437E-8E21-87AB7170C8FD}.Debug|Any CPU.Build.0 = Debug|Any CPU
		{4A5DC9D0-A674-437E-8E21-87AB7170C8FD}.Release|Any CPU.ActiveCfg = Release|Any CPU
		{4A5DC9D0-A674-437E-8E21-87AB7170C8FD}.Release|Any CPU.Build.0 = Release|Any CPU
	EndGlobalSection
	GlobalSection(SolutionProperties) = preSolution
		HideSolutionNode = FALSE
	EndGlobalSection
	GlobalSection(ExtensibilityGlobals) = postSolution
		SolutionGuid = {44D7AC34-E3C3-465B-AFC1-0AF4E6A9C27C}
	EndGlobalSection
EndGlobal
