
Microsoft Visual Studio Solution File, Format Version 12.00
# Visual Studio Version 17
VisualStudioVersion = 17.3.32825.248
MinimumVisualStudioVersion = 10.0.40219.1
Project("{FAE04EC0-301F-11D3-BF4B-00C04F79EFBC}") = "Enumeracoes", "Enumeracoes\Enumeracoes.csproj", "{D14AD015-6076-4A8D-A0D1-245389DC8087}"
EndProject
Global
	GlobalSection(SolutionConfigurationPlatforms) = preSolution
		Debug|Any CPU = Debug|Any CPU
		Release|Any CPU = Release|Any CPU
	EndGlobalSection
	GlobalSection(ProjectConfigurationPlatforms) = postSolution
		{D14AD015-6076-4A8D-A0D1-245389DC8087}.Debug|Any CPU.ActiveCfg = Debug|Any CPU
		{D14AD015-6076-4A8D-A0D1-245389DC8087}.Debug|Any CPU.Build.0 = Debug|Any CPU
		{D14AD015-6076-4A8D-A0D1-245389DC8087}.Release|Any CPU.ActiveCfg = Release|Any CPU
		{D14AD015-6076-4A8D-A0D1-245389DC8087}.Release|Any CPU.Build.0 = Release|Any CPU
	EndGlobalSection
	GlobalSection(SolutionProperties) = preSolution
		HideSolutionNode = FALSE
	EndGlobalSection
	GlobalSection(ExtensibilityGlobals) = postSolution
		SolutionGuid = {BE65AD02-B445-4562-B81F-2019F93D3F4F}
	EndGlobalSection
EndGlobal
