
Microsoft Visual Studio Solution File, Format Version 12.00
# Visual Studio Version 17
VisualStudioVersion = 17.3.32825.248
MinimumVisualStudioVersion = 10.0.40219.1
Project("{FAE04EC0-301F-11D3-BF4B-00C04F79EFBC}") = "This", "This\This.csproj", "{D2089CC3-1EEE-401F-85D6-0EBF2872B696}"
EndProject
Global
	GlobalSection(SolutionConfigurationPlatforms) = preSolution
		Debug|Any CPU = Debug|Any CPU
		Release|Any CPU = Release|Any CPU
	EndGlobalSection
	GlobalSection(ProjectConfigurationPlatforms) = postSolution
		{D2089CC3-1EEE-401F-85D6-0EBF2872B696}.Debug|Any CPU.ActiveCfg = Debug|Any CPU
		{D2089CC3-1EEE-401F-85D6-0EBF2872B696}.Debug|Any CPU.Build.0 = Debug|Any CPU
		{D2089CC3-1EEE-401F-85D6-0EBF2872B696}.Release|Any CPU.ActiveCfg = Release|Any CPU
		{D2089CC3-1EEE-401F-85D6-0EBF2872B696}.Release|Any CPU.Build.0 = Release|Any CPU
	EndGlobalSection
	GlobalSection(SolutionProperties) = preSolution
		HideSolutionNode = FALSE
	EndGlobalSection
	GlobalSection(ExtensibilityGlobals) = postSolution
		SolutionGuid = {61479006-9DB7-4860-8B6A-0FD21DC1AD3A}
	EndGlobalSection
EndGlobal
